
Microsoft Visual Studio Solution File, Format Version 12.00
# Visual Studio Version 17
VisualStudioVersion = 17.0.32126.317
MinimumVisualStudioVersion = 10.0.40219.1
Project("{FAE04EC0-301F-11D3-BF4B-00C04F79EFBC}") = "PartiaalConcert", "PartiaalConcert\PartiaalConcert.csproj", "{FF62EA1F-F078-4A95-945C-92B35D0DAFB0}"
EndProject
Global
	GlobalSection(SolutionConfigurationPlatforms) = preSolution
		Debug|Any CPU = Debug|Any CPU
		Release|Any CPU = Release|Any CPU
	EndGlobalSection
	GlobalSection(ProjectConfigurationPlatforms) = postSolution
		{FF62EA1F-F078-4A95-945C-92B35D0DAFB0}.Debug|Any CPU.ActiveCfg = Debug|Any CPU
		{FF62EA1F-F078-4A95-945C-92B35D0DAFB0}.Debug|Any CPU.Build.0 = Debug|Any CPU
		{FF62EA1F-F078-4A95-945C-92B35D0DAFB0}.Release|Any CPU.ActiveCfg = Release|Any CPU
		{FF62EA1F-F078-4A95-945C-92B35D0DAFB0}.Release|Any CPU.Build.0 = Release|Any CPU
	EndGlobalSection
	GlobalSection(SolutionProperties) = preSolution
		HideSolutionNode = FALSE
	EndGlobalSection
	GlobalSection(ExtensibilityGlobals) = postSolution
		SolutionGuid = {25A65556-DB50-4CD7-81B5-7C492679B9F0}
	EndGlobalSection
EndGlobal
